
Microsoft Visual Studio Solution File, Format Version 11.00
# Visual Studio 2010
Project("{FAE04EC0-301F-11D3-BF4B-00C04F79EFBC}") = "csDesigner", "csDesigner\csDesigner.csproj", "{DB6BB71F-23AA-4EEA-9826-825249C5767F}"
EndProject
Project("{FAE04EC0-301F-11D3-BF4B-00C04F79EFBC}") = "csDesigner.Demo", "csDesigner.Demo\csDesigner.Demo.csproj", "{066BC951-C4C9-47D5-B8F3-94CBE0BCB3B6}"
EndProject
Global
	GlobalSection(SolutionConfigurationPlatforms) = preSolution
		Debug|Any CPU = Debug|Any CPU
		Debug|Mixed Platforms = Debug|Mixed Platforms
		Debug|x86 = Debug|x86
		Release|Any CPU = Release|Any CPU
		Release|Mixed Platforms = Release|Mixed Platforms
		Release|x86 = Release|x86
	EndGlobalSection
	GlobalSection(ProjectConfigurationPlatforms) = postSolution
		{DB6BB71F-23AA-4EEA-9826-825249C5767F}.Debug|Any CPU.ActiveCfg = Debug|Any CPU
		{DB6BB71F-23AA-4EEA-9826-825249C5767F}.Debug|Any CPU.Build.0 = Debug|Any CPU
		{DB6BB71F-23AA-4EEA-9826-825249C5767F}.Debug|Mixed Platforms.ActiveCfg = Debug|Any CPU
		{DB6BB71F-23AA-4EEA-9826-825249C5767F}.Debug|Mixed Platforms.Build.0 = Debug|Any CPU
		{DB6BB71F-23AA-4EEA-9826-825249C5767F}.Debug|x86.ActiveCfg = Debug|Any CPU
		{DB6BB71F-23AA-4EEA-9826-825249C5767F}.Release|Any CPU.ActiveCfg = Release|Any CPU
		{DB6BB71F-23AA-4EEA-9826-825249C5767F}.Release|Any CPU.Build.0 = Release|Any CPU
		{DB6BB71F-23AA-4EEA-9826-825249C5767F}.Release|Mixed Platforms.ActiveCfg = Release|Any CPU
		{DB6BB71F-23AA-4EEA-9826-825249C5767F}.Release|Mixed Platforms.Build.0 = Release|Any CPU
		{DB6BB71F-23AA-4EEA-9826-825249C5767F}.Release|x86.ActiveCfg = Release|Any CPU
		{066BC951-C4C9-47D5-B8F3-94CBE0BCB3B6}.Debug|Any CPU.ActiveCfg = Debug|x86
		{066BC951-C4C9-47D5-B8F3-94CBE0BCB3B6}.Debug|Mixed Platforms.ActiveCfg = Debug|x86
		{066BC951-C4C9-47D5-B8F3-94CBE0BCB3B6}.Debug|Mixed Platforms.Build.0 = Debug|x86
		{066BC951-C4C9-47D5-B8F3-94CBE0BCB3B6}.Debug|x86.ActiveCfg = Debug|x86
		{066BC951-C4C9-47D5-B8F3-94CBE0BCB3B6}.Debug|x86.Build.0 = Debug|x86
		{066BC951-C4C9-47D5-B8F3-94CBE0BCB3B6}.Release|Any CPU.ActiveCfg = Release|x86
		{066BC951-C4C9-47D5-B8F3-94CBE0BCB3B6}.Release|Mixed Platforms.ActiveCfg = Release|x86
		{066BC951-C4C9-47D5-B8F3-94CBE0BCB3B6}.Release|Mixed Platforms.Build.0 = Release|x86
		{066BC951-C4C9-47D5-B8F3-94CBE0BCB3B6}.Release|x86.ActiveCfg = Release|x86
		{066BC951-C4C9-47D5-B8F3-94CBE0BCB3B6}.Release|x86.Build.0 = Release|x86
	EndGlobalSection
	GlobalSection(SolutionProperties) = preSolution
		HideSolutionNode = FALSE
	EndGlobalSection
EndGlobal
